
Microsoft Visual Studio Solution File, Format Version 12.00
# Visual Studio 15
VisualStudioVersion = 15.0.25928.0
MinimumVisualStudioVersion = 10.0.40219.1
Project("{FAE04EC0-301F-11D3-BF4B-00C04F79EFBC}") = "Vidly", "Vidly\Vidly.csproj", "{FA6FEDBB-76F3-4AC0-A209-C7646F1D7C38}"
EndProject
Global
	GlobalSection(SolutionConfigurationPlatforms) = preSolution
		Debug|Any CPU = Debug|Any CPU
		Release|Any CPU = Release|Any CPU
	EndGlobalSection
	GlobalSection(ProjectConfigurationPlatforms) = postSolution
		{FA6FEDBB-76F3-4AC0-A209-C7646F1D7C38}.Debug|Any CPU.ActiveCfg = Debug|Any CPU
		{FA6FEDBB-76F3-4AC0-A209-C7646F1D7C38}.Debug|Any CPU.Build.0 = Debug|Any CPU
		{FA6FEDBB-76F3-4AC0-A209-C7646F1D7C38}.Release|Any CPU.ActiveCfg = Release|Any CPU
		{FA6FEDBB-76F3-4AC0-A209-C7646F1D7C38}.Release|Any CPU.Build.0 = Release|Any CPU
	EndGlobalSection
	GlobalSection(SolutionProperties) = preSolution
		HideSolutionNode = FALSE
	EndGlobalSection
EndGlobal
